
Microsoft Visual Studio Solution File, Format Version 12.00
# Visual Studio Version 17
VisualStudioVersion = 17.3.32929.385
MinimumVisualStudioVersion = 10.0.40219.1
Project("{2150E333-8FDC-42A3-9474-1A3956D46DE8}") = "BookingService", "BookingService", "{1940800A-2B5C-4B6B-9782-B64B309406F8}"
EndProject
Project("{2150E333-8FDC-42A3-9474-1A3956D46DE8}") = "PaymentService", "PaymentService", "{44AB4B31-5E8A-4DB8-A099-4FAE6A6994C7}"
EndProject
Project("{2150E333-8FDC-42A3-9474-1A3956D46DE8}") = "Core", "Core", "{0DACCE95-640C-4E11-A4E2-04869816B9E8}"
EndProject
Project("{2150E333-8FDC-42A3-9474-1A3956D46DE8}") = "Domain", "Domain", "{20ED2E26-A853-4DAC-9524-CB683A98CD5C}"
EndProject
Project("{2150E333-8FDC-42A3-9474-1A3956D46DE8}") = "Application", "Application", "{5C27B77C-3D10-43C5-964E-6A9731938CCD}"
EndProject
Project("{2150E333-8FDC-42A3-9474-1A3956D46DE8}") = "Adapters", "Adapters", "{3B95F0B3-9791-4B5A-AF32-1950A6055110}"
EndProject
Project("{2150E333-8FDC-42A3-9474-1A3956D46DE8}") = "Consumers", "Consumers", "{7D7CA449-A758-4610-A5FC-E8EA418E4D38}"
EndProject
Project("{2150E333-8FDC-42A3-9474-1A3956D46DE8}") = "Tests", "Tests", "{ED311834-A5FA-401F-B082-7406A5AD2616}"
EndProject
Project("{2150E333-8FDC-42A3-9474-1A3956D46DE8}") = "Domain", "Domain", "{599D823B-943D-4858-AF8D-C939F8AAEE98}"
EndProject
Project("{2150E333-8FDC-42A3-9474-1A3956D46DE8}") = "Application", "Application", "{443E1EC6-6529-4F31-8AEB-F831632034D1}"
EndProject
Project("{2150E333-8FDC-42A3-9474-1A3956D46DE8}") = "Adapters", "Adapters", "{8E91E216-48CE-4734-B70F-3E32F73C52E7}"
EndProject
Project("{9A19103F-16F7-4668-BE54-9A1E7A4F7556}") = "DomainTests", "BookingService\Tests\Domain\DomainTests\DomainTests.csproj", "{F0E57015-0ADD-440E-9681-BD288635C269}"
EndProject
Project("{9A19103F-16F7-4668-BE54-9A1E7A4F7556}") = "ApplicationTests", "BookingService\Tests\Application\ApplicationTests\ApplicationTests.csproj", "{A58E74DF-5C8D-4C14-930E-1952CAB30BCD}"
EndProject
Project("{9A19103F-16F7-4668-BE54-9A1E7A4F7556}") = "AdaptersTests", "BookingService\Tests\Adapters\AdaptersTests\AdaptersTests.csproj", "{5418A68C-1937-4D65-B552-BE55D13D58F4}"
EndProject
Project("{9A19103F-16F7-4668-BE54-9A1E7A4F7556}") = "API", "BookingService\Consumers\API\API.csproj", "{CCA1CDFE-8E77-48B8-B89B-75A49A479EE2}"
EndProject
Project("{9A19103F-16F7-4668-BE54-9A1E7A4F7556}") = "Data", "BookingService\Adapters\Data\Data.csproj", "{B59FDF3B-0809-4E80-BAD1-4A92329A2FD1}"
EndProject
Project("{9A19103F-16F7-4668-BE54-9A1E7A4F7556}") = "Domain", "BookingService\Core\Domain\Domain.csproj", "{AC5DA1BF-460A-47C7-8697-D53FB008C639}"
EndProject
Project("{9A19103F-16F7-4668-BE54-9A1E7A4F7556}") = "Application", "BookingService\Core\Application\Application.csproj", "{DA933750-18BF-401B-B67F-08411791D35E}"
EndProject
Global
	GlobalSection(SolutionConfigurationPlatforms) = preSolution
		Debug|Any CPU = Debug|Any CPU
		Release|Any CPU = Release|Any CPU
	EndGlobalSection
	GlobalSection(ProjectConfigurationPlatforms) = postSolution
		{F0E57015-0ADD-440E-9681-BD288635C269}.Debug|Any CPU.ActiveCfg = Debug|Any CPU
		{F0E57015-0ADD-440E-9681-BD288635C269}.Debug|Any CPU.Build.0 = Debug|Any CPU
		{F0E57015-0ADD-440E-9681-BD288635C269}.Release|Any CPU.ActiveCfg = Release|Any CPU
		{F0E57015-0ADD-440E-9681-BD288635C269}.Release|Any CPU.Build.0 = Release|Any CPU
		{A58E74DF-5C8D-4C14-930E-1952CAB30BCD}.Debug|Any CPU.ActiveCfg = Debug|Any CPU
		{A58E74DF-5C8D-4C14-930E-1952CAB30BCD}.Debug|Any CPU.Build.0 = Debug|Any CPU
		{A58E74DF-5C8D-4C14-930E-1952CAB30BCD}.Release|Any CPU.ActiveCfg = Release|Any CPU
		{A58E74DF-5C8D-4C14-930E-1952CAB30BCD}.Release|Any CPU.Build.0 = Release|Any CPU
		{5418A68C-1937-4D65-B552-BE55D13D58F4}.Debug|Any CPU.ActiveCfg = Debug|Any CPU
		{5418A68C-1937-4D65-B552-BE55D13D58F4}.Debug|Any CPU.Build.0 = Debug|Any CPU
		{5418A68C-1937-4D65-B552-BE55D13D58F4}.Release|Any CPU.ActiveCfg = Release|Any CPU
		{5418A68C-1937-4D65-B552-BE55D13D58F4}.Release|Any CPU.Build.0 = Release|Any CPU
		{CCA1CDFE-8E77-48B8-B89B-75A49A479EE2}.Debug|Any CPU.ActiveCfg = Debug|Any CPU
		{CCA1CDFE-8E77-48B8-B89B-75A49A479EE2}.Debug|Any CPU.Build.0 = Debug|Any CPU
		{CCA1CDFE-8E77-48B8-B89B-75A49A479EE2}.Release|Any CPU.ActiveCfg = Release|Any CPU
		{CCA1CDFE-8E77-48B8-B89B-75A49A479EE2}.Release|Any CPU.Build.0 = Release|Any CPU
		{B59FDF3B-0809-4E80-BAD1-4A92329A2FD1}.Debug|Any CPU.ActiveCfg = Debug|Any CPU
		{B59FDF3B-0809-4E80-BAD1-4A92329A2FD1}.Debug|Any CPU.Build.0 = Debug|Any CPU
		{B59FDF3B-0809-4E80-BAD1-4A92329A2FD1}.Release|Any CPU.ActiveCfg = Release|Any CPU
		{B59FDF3B-0809-4E80-BAD1-4A92329A2FD1}.Release|Any CPU.Build.0 = Release|Any CPU
		{AC5DA1BF-460A-47C7-8697-D53FB008C639}.Debug|Any CPU.ActiveCfg = Debug|Any CPU
		{AC5DA1BF-460A-47C7-8697-D53FB008C639}.Debug|Any CPU.Build.0 = Debug|Any CPU
		{AC5DA1BF-460A-47C7-8697-D53FB008C639}.Release|Any CPU.ActiveCfg = Release|Any CPU
		{AC5DA1BF-460A-47C7-8697-D53FB008C639}.Release|Any CPU.Build.0 = Release|Any CPU
		{DA933750-18BF-401B-B67F-08411791D35E}.Debug|Any CPU.ActiveCfg = Debug|Any CPU
		{DA933750-18BF-401B-B67F-08411791D35E}.Debug|Any CPU.Build.0 = Debug|Any CPU
		{DA933750-18BF-401B-B67F-08411791D35E}.Release|Any CPU.ActiveCfg = Release|Any CPU
		{DA933750-18BF-401B-B67F-08411791D35E}.Release|Any CPU.Build.0 = Release|Any CPU
	EndGlobalSection
	GlobalSection(SolutionProperties) = preSolution
		HideSolutionNode = FALSE
	EndGlobalSection
	GlobalSection(NestedProjects) = preSolution
		{0DACCE95-640C-4E11-A4E2-04869816B9E8} = {1940800A-2B5C-4B6B-9782-B64B309406F8}
		{20ED2E26-A853-4DAC-9524-CB683A98CD5C} = {0DACCE95-640C-4E11-A4E2-04869816B9E8}
		{5C27B77C-3D10-43C5-964E-6A9731938CCD} = {0DACCE95-640C-4E11-A4E2-04869816B9E8}
		{3B95F0B3-9791-4B5A-AF32-1950A6055110} = {1940800A-2B5C-4B6B-9782-B64B309406F8}
		{7D7CA449-A758-4610-A5FC-E8EA418E4D38} = {1940800A-2B5C-4B6B-9782-B64B309406F8}
		{ED311834-A5FA-401F-B082-7406A5AD2616} = {1940800A-2B5C-4B6B-9782-B64B309406F8}
		{599D823B-943D-4858-AF8D-C939F8AAEE98} = {ED311834-A5FA-401F-B082-7406A5AD2616}
		{443E1EC6-6529-4F31-8AEB-F831632034D1} = {ED311834-A5FA-401F-B082-7406A5AD2616}
		{8E91E216-48CE-4734-B70F-3E32F73C52E7} = {ED311834-A5FA-401F-B082-7406A5AD2616}
		{F0E57015-0ADD-440E-9681-BD288635C269} = {599D823B-943D-4858-AF8D-C939F8AAEE98}
		{A58E74DF-5C8D-4C14-930E-1952CAB30BCD} = {443E1EC6-6529-4F31-8AEB-F831632034D1}
		{5418A68C-1937-4D65-B552-BE55D13D58F4} = {8E91E216-48CE-4734-B70F-3E32F73C52E7}
		{CCA1CDFE-8E77-48B8-B89B-75A49A479EE2} = {7D7CA449-A758-4610-A5FC-E8EA418E4D38}
		{B59FDF3B-0809-4E80-BAD1-4A92329A2FD1} = {3B95F0B3-9791-4B5A-AF32-1950A6055110}
		{AC5DA1BF-460A-47C7-8697-D53FB008C639} = {20ED2E26-A853-4DAC-9524-CB683A98CD5C}
		{DA933750-18BF-401B-B67F-08411791D35E} = {5C27B77C-3D10-43C5-964E-6A9731938CCD}
	EndGlobalSection
	GlobalSection(ExtensibilityGlobals) = postSolution
		SolutionGuid = {9F46AFB2-8AA2-4604-8D6B-022E8F51F63E}
	EndGlobalSection
EndGlobal
